
Microsoft Visual Studio Solution File, Format Version 12.00
# Visual Studio 15
VisualStudioVersion = 15.0.27703.2026
MinimumVisualStudioVersion = 10.0.40219.1
Project("{9A19103F-16F7-4668-BE54-9A1E7A4F7556}") = "CommitArt.Cmd", "CommitArt.Cmd\CommitArt.Cmd.csproj", "{61D714EB-D874-4914-A526-3F817019EB90}"
EndProject
Project("{9A19103F-16F7-4668-BE54-9A1E7A4F7556}") = "CommitArt.Core", "CommitArt.Core\CommitArt.Core.csproj", "{38E5F99F-0594-4145-A8ED-47AF496EC939}"
EndProject
Project("{FAE04EC0-301F-11D3-BF4B-00C04F79EFBC}") = "FunctionApp", "FunctionApp\FunctionApp.csproj", "{A033A45C-3FAF-43E0-85F0-706D089CD23F}"
EndProject
Global
	GlobalSection(SolutionConfigurationPlatforms) = preSolution
		Debug|Any CPU = Debug|Any CPU
		Release|Any CPU = Release|Any CPU
	EndGlobalSection
	GlobalSection(ProjectConfigurationPlatforms) = postSolution
		{61D714EB-D874-4914-A526-3F817019EB90}.Debug|Any CPU.ActiveCfg = Debug|Any CPU
		{61D714EB-D874-4914-A526-3F817019EB90}.Debug|Any CPU.Build.0 = Debug|Any CPU
		{61D714EB-D874-4914-A526-3F817019EB90}.Release|Any CPU.ActiveCfg = Release|Any CPU
		{61D714EB-D874-4914-A526-3F817019EB90}.Release|Any CPU.Build.0 = Release|Any CPU
		{38E5F99F-0594-4145-A8ED-47AF496EC939}.Debug|Any CPU.ActiveCfg = Debug|Any CPU
		{38E5F99F-0594-4145-A8ED-47AF496EC939}.Debug|Any CPU.Build.0 = Debug|Any CPU
		{38E5F99F-0594-4145-A8ED-47AF496EC939}.Release|Any CPU.ActiveCfg = Release|Any CPU
		{38E5F99F-0594-4145-A8ED-47AF496EC939}.Release|Any CPU.Build.0 = Release|Any CPU
		{A033A45C-3FAF-43E0-85F0-706D089CD23F}.Debug|Any CPU.ActiveCfg = Debug|Any CPU
		{A033A45C-3FAF-43E0-85F0-706D089CD23F}.Debug|Any CPU.Build.0 = Debug|Any CPU
		{A033A45C-3FAF-43E0-85F0-706D089CD23F}.Release|Any CPU.ActiveCfg = Release|Any CPU
		{A033A45C-3FAF-43E0-85F0-706D089CD23F}.Release|Any CPU.Build.0 = Release|Any CPU
	EndGlobalSection
	GlobalSection(SolutionProperties) = preSolution
		HideSolutionNode = FALSE
	EndGlobalSection
	GlobalSection(ExtensibilityGlobals) = postSolution
		SolutionGuid = {58DFCFAB-B40E-4486-8028-783D30F9E97C}
	EndGlobalSection
EndGlobal
